{
  "name": "internet-object-vs-json-benchmark",
  "version": "1.0.0",
  "lockfileVersion": 1,
  "requires": true,
  "dependencies": {
    "asciichart": {
      "version": "1.5.7",
      "resolved": "https://registry.npmjs.org/asciichart/-/asciichart-1.5.7.tgz",
      "integrity": "sha512-XhFFEBxWZPfrEEy9Ekp36pGvOCxBr5fRBk2cjxWVPsgakKPdbba3aDpJpZ8i9jpUSRvQKBn2Zm7a+NLA60A/RA=="
    },
    "faker": {
      "version": "4.1.0",
      "resolved": "https://registry.npmjs.org/faker/-/faker-4.1.0.tgz",
      "integrity": "sha1-HkW7vsxndLPBlfrSg1EJxtdIzD8=",
      "dev": true
    }
  }
}
