# THIS IS AN AUTOGENERATED FILE. DO NOT EDIT THIS FILE DIRECTLY.
# yarn lockfile v1


"@faker-js/faker@^8.4.1":
  version "8.4.1"
  resolved "https://registry.yarnpkg.com/@faker-js/faker/-/faker-8.4.1.tgz#5d5e8aee8fce48f5e189bf730ebd1f758f491451"
  integrity sha512-XQ3cU+Q8Uqmrbf2e0cIC/QN43sTBSC8KF12u29Mb47tWrt2hAgBXSgpZMj4Ao8Uk0iJcU99QsOCaIL8934obCg==
