# THIS IS AN AUTOGENERATED FILE. DO NOT EDIT THIS FILE DIRECTLY.
# yarn lockfile v1


"@faker-js/faker@^10.5.0":
  version "10.5.0"
  resolved "https://registry.yarnpkg.com/@faker-js/faker/-/faker-10.5.0.tgz#d2f6a8c7f08d087ac5f077d6babd0821edf24c03"
  integrity sha512-bsxD8WLS5lIj7aaoCx1YJkktqYj5vlBUE6HWzu2Q51ksrGJ0H737ECCKlFU7Yf8Br45z9t99frBp/J7kzbMPAg==

base64-js@^1.5.1:
  version "1.5.1"
  resolved "https://registry.npmjs.org/base64-js/-/base64-js-1.5.1.tgz"
  integrity sha512-AKpaYlHn8t4SVbOHCy+b5+KKgvR4vrsD8vbvrbiQJps7fKDTkjkDry6ji0rUJjC0kzbNePLwzxq8iypo41qeWA==

js-tiktoken@^1.0.15:
  version "1.0.21"
  resolved "https://registry.npmjs.org/js-tiktoken/-/js-tiktoken-1.0.21.tgz"
  integrity sha512-biOj/6M5qdgx5TKjDnFT1ymSpM5tbd3ylwDtrQvFQSu0Z7bBYko2dF+W/aUkXUPuk6IVpRxk/3Q2sHOzGlS36g==
  dependencies:
    base64-js "^1.5.1"
